
Microsoft Visual Studio Solution File, Format Version 12.00
Project("{FAE04EC0-301F-11D3-BF4B-00C04F79EFBC}") = "API", "API\API.csproj", "{2B1369EA-5685-476A-8196-C7FA744B557E}"
EndProject
Project("{FAE04EC0-301F-11D3-BF4B-00C04F79EFBC}") = "Domain", "Domain\Domain.csproj", "{D4378769-661B-4CD5-92F1-786A96A747E9}"
EndProject
Project("{FAE04EC0-301F-11D3-BF4B-00C04F79EFBC}") = "DB", "DB\DB.csproj", "{1CFD1566-B64B-412B-99F7-22FBF14B7D40}"
EndProject
Project("{FAE04EC0-301F-11D3-BF4B-00C04F79EFBC}") = "Services", "Services\Services.csproj", "{1E16C46E-9EC7-40B6-A88F-B7907681249B}"
EndProject
Global
	GlobalSection(SolutionConfigurationPlatforms) = preSolution
		Debug|Any CPU = Debug|Any CPU
		Release|Any CPU = Release|Any CPU
	EndGlobalSection
	GlobalSection(ProjectConfigurationPlatforms) = postSolution
		{2B1369EA-5685-476A-8196-C7FA744B557E}.Debug|Any CPU.ActiveCfg = Debug|Any CPU
		{2B1369EA-5685-476A-8196-C7FA744B557E}.Debug|Any CPU.Build.0 = Debug|Any CPU
		{2B1369EA-5685-476A-8196-C7FA744B557E}.Release|Any CPU.ActiveCfg = Release|Any CPU
		{2B1369EA-5685-476A-8196-C7FA744B557E}.Release|Any CPU.Build.0 = Release|Any CPU
		{D4378769-661B-4CD5-92F1-786A96A747E9}.Debug|Any CPU.ActiveCfg = Debug|Any CPU
		{D4378769-661B-4CD5-92F1-786A96A747E9}.Debug|Any CPU.Build.0 = Debug|Any CPU
		{D4378769-661B-4CD5-92F1-786A96A747E9}.Release|Any CPU.ActiveCfg = Release|Any CPU
		{D4378769-661B-4CD5-92F1-786A96A747E9}.Release|Any CPU.Build.0 = Release|Any CPU
		{1CFD1566-B64B-412B-99F7-22FBF14B7D40}.Debug|Any CPU.ActiveCfg = Debug|Any CPU
		{1CFD1566-B64B-412B-99F7-22FBF14B7D40}.Debug|Any CPU.Build.0 = Debug|Any CPU
		{1CFD1566-B64B-412B-99F7-22FBF14B7D40}.Release|Any CPU.ActiveCfg = Release|Any CPU
		{1CFD1566-B64B-412B-99F7-22FBF14B7D40}.Release|Any CPU.Build.0 = Release|Any CPU
		{1E16C46E-9EC7-40B6-A88F-B7907681249B}.Debug|Any CPU.ActiveCfg = Debug|Any CPU
		{1E16C46E-9EC7-40B6-A88F-B7907681249B}.Debug|Any CPU.Build.0 = Debug|Any CPU
		{1E16C46E-9EC7-40B6-A88F-B7907681249B}.Release|Any CPU.ActiveCfg = Release|Any CPU
		{1E16C46E-9EC7-40B6-A88F-B7907681249B}.Release|Any CPU.Build.0 = Release|Any CPU
	EndGlobalSection
EndGlobal
